
Microsoft Visual Studio Solution File, Format Version 12.00
# Visual Studio 2015
Project("{FAE04EC0-301F-11D3-BF4B-00C04F79EFBC}") = "CandyDream", "CandyDream.csproj", "{73391087-3A74-9FF1-A020-DF2D5019D01B}"
EndProject
Project("{FAE04EC0-301F-11D3-BF4B-00C04F79EFBC}") = "CandyDream.Editor", "CandyDream.Editor.csproj", "{B2762551-589B-B20D-147B-529DCF2398CB}"
EndProject
Global
	GlobalSection(SolutionConfigurationPlatforms) = preSolution
		Debug|Any CPU = Debug|Any CPU
		Release|Any CPU = Release|Any CPU
	EndGlobalSection
	GlobalSection(ProjectConfigurationPlatforms) = postSolution
		{73391087-3A74-9FF1-A020-DF2D5019D01B}.Debug|Any CPU.ActiveCfg = Debug|Any CPU
		{73391087-3A74-9FF1-A020-DF2D5019D01B}.Debug|Any CPU.Build.0 = Debug|Any CPU
		{73391087-3A74-9FF1-A020-DF2D5019D01B}.Release|Any CPU.ActiveCfg = Release|Any CPU
		{73391087-3A74-9FF1-A020-DF2D5019D01B}.Release|Any CPU.Build.0 = Release|Any CPU
		{B2762551-589B-B20D-147B-529DCF2398CB}.Debug|Any CPU.ActiveCfg = Debug|Any CPU
		{B2762551-589B-B20D-147B-529DCF2398CB}.Debug|Any CPU.Build.0 = Debug|Any CPU
		{B2762551-589B-B20D-147B-529DCF2398CB}.Release|Any CPU.ActiveCfg = Release|Any CPU
		{B2762551-589B-B20D-147B-529DCF2398CB}.Release|Any CPU.Build.0 = Release|Any CPU
	EndGlobalSection
	GlobalSection(SolutionProperties) = preSolution
		HideSolutionNode = FALSE
	EndGlobalSection
EndGlobal
